// !$*UTF8*$!
{
	archiveVersion = 1;
	classes = {
	};
	objectVersion = 46;
	objects = {

/* Begin PBXBuildFile section */
		94B6F48F1BD61FEE00B352B9 /* main.m in Sources */ = {isa = PBXBuildFile; fileRef = 94B6F48E1BD61FEE00B352B9 /* main.m */; };
		94B6F4921BD61FEE00B352B9 /* AppDelegate.m in Sources */ = {isa = PBXBuildFile; fileRef = 94B6F4911BD61FEE00B352B9 /* AppDelegate.m */; };
		94B6F4951BD61FEE00B352B9 /* ViewController.m in Sources */ = {isa = PBXBuildFile; fileRef = 94B6F4941BD61FEE00B352B9 /* ViewController.m */; };
		94B6F4981BD61FEE00B352B9 /* Main.storyboard in Resources */ = {isa = PBXBuildFile; fileRef = 94B6F4961BD61FEE00B352B9 /* Main.storyboard */; };
		94B6F49A1BD61FEE00B352B9 /* Assets.xcassets in Resources */ = {isa = PBXBuildFile; fileRef = 94B6F4991BD61FEE00B352B9 /* Assets.xcassets */; };
		94B6F49D1BD61FEE00B352B9 /* LaunchScreen.storyboard in Resources */ = {isa = PBXBuildFile; fileRef = 94B6F49B1BD61FEE00B352B9 /* LaunchScreen.storyboard */; };
		94B6F4A81BD61FEE00B352B9 /* ____DemoTests.m in Sources */ = {isa = PBXBuildFile; fileRef = 94B6F4A71BD61FEE00B352B9 /* ____DemoTests.m */; };
		94B6F4B31BD61FEE00B352B9 /* ____DemoUITests.m in Sources */ = {isa = PBXBuildFile; fileRef = 94B6F4B21BD61FEE00B352B9 /* ____DemoUITests.m */; };
		94B6F4CC1BD6211E00B352B9 /* ApiXml.mm in Sources */ = {isa = PBXBuildFile; fileRef = 94B6F4C31BD6211E00B352B9 /* ApiXml.mm */; settings = {ASSET_TAGS = (); }; };
		94B6F4CD1BD6211E00B352B9 /* payRequsestHandler.mm in Sources */ = {isa = PBXBuildFile; fileRef = 94B6F4C51BD6211E00B352B9 /* payRequsestHandler.mm */; settings = {ASSET_TAGS = (); }; };
		94B6F4CE1BD6211E00B352B9 /* WXUtil.mm in Sources */ = {isa = PBXBuildFile; fileRef = 94B6F4C71BD6211E00B352B9 /* WXUtil.mm */; settings = {ASSET_TAGS = (); }; };
		94B6F4D91BD6225400B352B9 /* WePayLogo.png in Resources */ = {isa = PBXBuildFile; fileRef = 94B6F4D81BD6225400B352B9 /* WePayLogo.png */; settings = {ASSET_TAGS = (); }; };
		94B6F4DB1BD624A600B352B9 /* info设置.png in Resources */ = {isa = PBXBuildFile; fileRef = 94B6F4DA1BD624A600B352B9 /* info设置.png */; settings = {ASSET_TAGS = (); }; };
		94B6F4DD1BD6265D00B352B9 /* 微信支付只出现确定.jpg in Resources */ = {isa = PBXBuildFile; fileRef = 94B6F4DC1BD6265D00B352B9 /* 微信支付只出现确定.jpg */; settings = {ASSET_TAGS = (); }; };
		94B6F4E11BD6286500B352B9 /* libWeChatSDK.a in Frameworks */ = {isa = PBXBuildFile; fileRef = 94B6F4E01BD6286500B352B9 /* libWeChatSDK.a */; };
		94B6F4E21BD629C600B352B9 /* SystemConfiguration.framework in Frameworks */ = {isa = PBXBuildFile; fileRef = 94B6F4D01BD6216800B352B9 /* SystemConfiguration.framework */; };
		94B6F4E51BD62A3900B352B9 /* libsqlite3.0.tbd in Frameworks */ = {isa = PBXBuildFile; fileRef = 94B6F4D21BD6218200B352B9 /* libsqlite3.0.tbd */; };
		94B6F4E71BD62A4200B352B9 /* libz.tbd in Frameworks */ = {isa = PBXBuildFile; fileRef = 94B6F4E61BD62A4200B352B9 /* libz.tbd */; };
/* End PBXBuildFile section */

/* Begin PBXContainerItemProxy section */
		94B6F4A41BD61FEE00B352B9 /* PBXContainerItemProxy */ = {
			isa = PBXContainerItemProxy;
			containerPortal = 94B6F4821BD61FED00B352B9 /* Project object */;
			proxyType = 1;
			remoteGlobalIDString = 94B6F4891BD61FEE00B352B9;
			remoteInfo = "微信支付Demo";
		};
		94B6F4AF1BD61FEE00B352B9 /* PBXContainerItemProxy */ = {
			isa = PBXContainerItemProxy;
			containerPortal = 94B6F4821BD61FED00B352B9 /* Project object */;
			proxyType = 1;
			remoteGlobalIDString = 94B6F4891BD61FEE00B352B9;
			remoteInfo = "微信支付Demo";
		};
/* End PBXContainerItemProxy section */

/* Begin PBXFileReference section */
		94B6F48A1BD61FEE00B352B9 /* 微信支付Demo.app */ = {isa = PBXFileReference; explicitFileType = wrapper.application; includeInIndex = 0; path = "微信支付Demo.app"; sourceTree = BUILT_PRODUCTS_DIR; };
		94B6F48E1BD61FEE00B352B9 /* main.m */ = {isa = PBXFileReference; lastKnownFileType = sourcecode.c.objc; path = main.m; sourceTree = "<group>"; };
		94B6F4901BD61FEE00B352B9 /* AppDelegate.h */ = {isa = PBXFileReference; lastKnownFileType = sourcecode.c.h; path = AppDelegate.h; sourceTree = "<group>"; };
		94B6F4911BD61FEE00B352B9 /* AppDelegate.m */ = {isa = PBXFileReference; lastKnownFileType = sourcecode.c.objc; path = AppDelegate.m; sourceTree = "<group>"; };
		94B6F4931BD61FEE00B352B9 /* ViewController.h */ = {isa = PBXFileReference; lastKnownFileType = sourcecode.c.h; path = ViewController.h; sourceTree = "<group>"; };
		94B6F4941BD61FEE00B352B9 /* ViewController.m */ = {isa = PBXFileReference; lastKnownFileType = sourcecode.c.objc; path = ViewController.m; sourceTree = "<group>"; };
		94B6F4971BD61FEE00B352B9 /* Base */ = {isa = PBXFileReference; lastKnownFileType = file.storyboard; name = Base; path = Base.lproj/Main.storyboard; sourceTree = "<group>"; };
		94B6F4991BD61FEE00B352B9 /* Assets.xcassets */ = {isa = PBXFileReference; lastKnownFileType = folder.assetcatalog; path = Assets.xcassets; sourceTree = "<group>"; };
		94B6F49C1BD61FEE00B352B9 /* Base */ = {isa = PBXFileReference; lastKnownFileType = file.storyboard; name = Base; path = Base.lproj/LaunchScreen.storyboard; sourceTree = "<group>"; };
		94B6F49E1BD61FEE00B352B9 /* Info.plist */ = {isa = PBXFileReference; lastKnownFileType = text.plist.xml; path = Info.plist; sourceTree = "<group>"; };
		94B6F4A31BD61FEE00B352B9 /* 微信支付DemoTests.xctest */ = {isa = PBXFileReference; explicitFileType = wrapper.cfbundle; includeInIndex = 0; path = "微信支付DemoTests.xctest"; sourceTree = BUILT_PRODUCTS_DIR; };
		94B6F4A71BD61FEE00B352B9 /* ____DemoTests.m */ = {isa = PBXFileReference; lastKnownFileType = sourcecode.c.objc; path = "____DemoTests.m"; sourceTree = "<group>"; };
		94B6F4A91BD61FEE00B352B9 /* Info.plist */ = {isa = PBXFileReference; lastKnownFileType = text.plist.xml; path = Info.plist; sourceTree = "<group>"; };
		94B6F4AE1BD61FEE00B352B9 /* 微信支付DemoUITests.xctest */ = {isa = PBXFileReference; explicitFileType = wrapper.cfbundle; includeInIndex = 0; path = "微信支付DemoUITests.xctest"; sourceTree = BUILT_PRODUCTS_DIR; };
		94B6F4B21BD61FEE00B352B9 /* ____DemoUITests.m */ = {isa = PBXFileReference; lastKnownFileType = sourcecode.c.objc; path = "____DemoUITests.m"; sourceTree = "<group>"; };
		94B6F4B41BD61FEE00B352B9 /* Info.plist */ = {isa = PBXFileReference; lastKnownFileType = text.plist.xml; path = Info.plist; sourceTree = "<group>"; };
		94B6F4C21BD6211E00B352B9 /* ApiXml.h */ = {isa = PBXFileReference; fileEncoding = 4; lastKnownFileType = sourcecode.c.h; path = ApiXml.h; sourceTree = "<group>"; };
		94B6F4C31BD6211E00B352B9 /* ApiXml.mm */ = {isa = PBXFileReference; fileEncoding = 4; lastKnownFileType = sourcecode.cpp.objcpp; path = ApiXml.mm; sourceTree = "<group>"; };
		94B6F4C41BD6211E00B352B9 /* payRequsestHandler.h */ = {isa = PBXFileReference; fileEncoding = 4; lastKnownFileType = sourcecode.c.h; path = payRequsestHandler.h; sourceTree = "<group>"; };
		94B6F4C51BD6211E00B352B9 /* payRequsestHandler.mm */ = {isa = PBXFileReference; fileEncoding = 4; lastKnownFileType = sourcecode.cpp.objcpp; path = payRequsestHandler.mm; sourceTree = "<group>"; };
		94B6F4C61BD6211E00B352B9 /* WXUtil.h */ = {isa = PBXFileReference; fileEncoding = 4; lastKnownFileType = sourcecode.c.h; path = WXUtil.h; sourceTree = "<group>"; };
		94B6F4C71BD6211E00B352B9 /* WXUtil.mm */ = {isa = PBXFileReference; fileEncoding = 4; lastKnownFileType = sourcecode.cpp.objcpp; path = WXUtil.mm; sourceTree = "<group>"; };
		94B6F4C91BD6211E00B352B9 /* libWeChatSDK.a */ = {isa = PBXFileReference; lastKnownFileType = archive.ar; path = libWeChatSDK.a; sourceTree = "<group>"; };
		94B6F4CA1BD6211E00B352B9 /* WXApi.h */ = {isa = PBXFileReference; fileEncoding = 4; lastKnownFileType = sourcecode.c.h; path = WXApi.h; sourceTree = "<group>"; };
		94B6F4CB1BD6211E00B352B9 /* WXApiObject.h */ = {isa = PBXFileReference; fileEncoding = 4; lastKnownFileType = sourcecode.c.h; path = WXApiObject.h; sourceTree = "<group>"; };
		94B6F4D01BD6216800B352B9 /* SystemConfiguration.framework */ = {isa = PBXFileReference; lastKnownFileType = wrapper.framework; name = SystemConfiguration.framework; path = System/Library/Frameworks/SystemConfiguration.framework; sourceTree = SDKROOT; };
		94B6F4D21BD6218200B352B9 /* libsqlite3.0.tbd */ = {isa = PBXFileReference; lastKnownFileType = "sourcecode.text-based-dylib-definition"; name = libsqlite3.0.tbd; path = usr/lib/libsqlite3.0.tbd; sourceTree = SDKROOT; };
		94B6F4D41BD6219800B352B9 /* libc.tbd */ = {isa = PBXFileReference; lastKnownFileType = "sourcecode.text-based-dylib-definition"; name = libc.tbd; path = usr/lib/libc.tbd; sourceTree = SDKROOT; };
		94B6F4D81BD6225400B352B9 /* WePayLogo.png */ = {isa = PBXFileReference; lastKnownFileType = image.png; path = WePayLogo.png; sourceTree = "<group>"; };
		94B6F4DA1BD624A600B352B9 /* info设置.png */ = {isa = PBXFileReference; lastKnownFileType = image.png; path = "info设置.png"; sourceTree = "<group>"; };
		94B6F4DC1BD6265D00B352B9 /* 微信支付只出现确定.jpg */ = {isa = PBXFileReference; lastKnownFileType = image.jpeg; path = "微信支付只出现确定.jpg"; sourceTree = "<group>"; };
		94B6F4DE1BD6282F00B352B9 /* CoreTelephony.framework */ = {isa = PBXFileReference; lastKnownFileType = wrapper.framework; name = CoreTelephony.framework; path = System/Library/Frameworks/CoreTelephony.framework; sourceTree = SDKROOT; };
		94B6F4E01BD6286500B352B9 /* libWeChatSDK.a */ = {isa = PBXFileReference; lastKnownFileType = archive.ar; name = libWeChatSDK.a; path = ../SDKExport/libWeChatSDK.a; sourceTree = "<group>"; };
		94B6F4E31BD629D900B352B9 /* libsqlite3.tbd */ = {isa = PBXFileReference; lastKnownFileType = "sourcecode.text-based-dylib-definition"; name = libsqlite3.tbd; path = usr/lib/libsqlite3.tbd; sourceTree = SDKROOT; };
		94B6F4E61BD62A4200B352B9 /* libz.tbd */ = {isa = PBXFileReference; lastKnownFileType = "sourcecode.text-based-dylib-definition"; name = libz.tbd; path = usr/lib/libz.tbd; sourceTree = SDKROOT; };
		94B6F4E81BD62A4E00B352B9 /* CoreGraphics.framework */ = {isa = PBXFileReference; lastKnownFileType = wrapper.framework; name = CoreGraphics.framework; path = System/Library/Frameworks/CoreGraphics.framework; sourceTree = SDKROOT; };
/* End PBXFileReference section */

/* Begin PBXFrameworksBuildPhase section */
		94B6F4871BD61FEE00B352B9 /* Frameworks */ = {
			isa = PBXFrameworksBuildPhase;
			buildActionMask = 2147483647;
			files = (
				94B6F4E71BD62A4200B352B9 /* libz.tbd in Frameworks */,
				94B6F4E51BD62A3900B352B9 /* libsqlite3.0.tbd in Frameworks */,
				94B6F4E21BD629C600B352B9 /* SystemConfiguration.framework in Frameworks */,
				94B6F4E11BD6286500B352B9 /* libWeChatSDK.a in Frameworks */,
			);
			runOnlyForDeploymentPostprocessing = 0;
		};
		94B6F4A01BD61FEE00B352B9 /* Frameworks */ = {
			isa = PBXFrameworksBuildPhase;
			buildActionMask = 2147483647;
			files = (
			);
			runOnlyForDeploymentPostprocessing = 0;
		};
		94B6F4AB1BD61FEE00B352B9 /* Frameworks */ = {
			isa = PBXFrameworksBuildPhase;
			buildActionMask = 2147483647;
			files = (
			);
			runOnlyForDeploymentPostprocessing = 0;
		};
/* End PBXFrameworksBuildPhase section */

/* Begin PBXGroup section */
		94B6F4811BD61FED00B352B9 = {
			isa = PBXGroup;
			children = (
				94B6F4E81BD62A4E00B352B9 /* CoreGraphics.framework */,
				94B6F4E61BD62A4200B352B9 /* libz.tbd */,
				94B6F4E31BD629D900B352B9 /* libsqlite3.tbd */,
				94B6F4E01BD6286500B352B9 /* libWeChatSDK.a */,
				94B6F4DE1BD6282F00B352B9 /* CoreTelephony.framework */,
				94B6F4D41BD6219800B352B9 /* libc.tbd */,
				94B6F4D21BD6218200B352B9 /* libsqlite3.0.tbd */,
				94B6F4D01BD6216800B352B9 /* SystemConfiguration.framework */,
				94B6F48C1BD61FEE00B352B9 /* 微信支付Demo */,
				94B6F4A61BD61FEE00B352B9 /* 微信支付DemoTests */,
				94B6F4B11BD61FEE00B352B9 /* 微信支付DemoUITests */,
				94B6F48B1BD61FEE00B352B9 /* Products */,
			);
			sourceTree = "<group>";
		};
		94B6F48B1BD61FEE00B352B9 /* Products */ = {
			isa = PBXGroup;
			children = (
				94B6F48A1BD61FEE00B352B9 /* 微信支付Demo.app */,
				94B6F4A31BD61FEE00B352B9 /* 微信支付DemoTests.xctest */,
				94B6F4AE1BD61FEE00B352B9 /* 微信支付DemoUITests.xctest */,
			);
			name = Products;
			sourceTree = "<group>";
		};
		94B6F48C1BD61FEE00B352B9 /* 微信支付Demo */ = {
			isa = PBXGroup;
			children = (
				94B6F4DC1BD6265D00B352B9 /* 微信支付只出现确定.jpg */,
				94B6F4D81BD6225400B352B9 /* WePayLogo.png */,
				94B6F4DA1BD624A600B352B9 /* info设置.png */,
				94B6F4C01BD6209F00B352B9 /* WechatPay */,
				94B6F4901BD61FEE00B352B9 /* AppDelegate.h */,
				94B6F4911BD61FEE00B352B9 /* AppDelegate.m */,
				94B6F4931BD61FEE00B352B9 /* ViewController.h */,
				94B6F4941BD61FEE00B352B9 /* ViewController.m */,
				94B6F4961BD61FEE00B352B9 /* Main.storyboard */,
				94B6F4991BD61FEE00B352B9 /* Assets.xcassets */,
				94B6F49B1BD61FEE00B352B9 /* LaunchScreen.storyboard */,
				94B6F49E1BD61FEE00B352B9 /* Info.plist */,
				94B6F48D1BD61FEE00B352B9 /* Supporting Files */,
			);
			path = "微信支付Demo";
			sourceTree = "<group>";
		};
		94B6F48D1BD61FEE00B352B9 /* Supporting Files */ = {
			isa = PBXGroup;
			children = (
				94B6F48E1BD61FEE00B352B9 /* main.m */,
			);
			name = "Supporting Files";
			sourceTree = "<group>";
		};
		94B6F4A61BD61FEE00B352B9 /* 微信支付DemoTests */ = {
			isa = PBXGroup;
			children = (
				94B6F4A71BD61FEE00B352B9 /* ____DemoTests.m */,
				94B6F4A91BD61FEE00B352B9 /* Info.plist */,
			);
			path = "微信支付DemoTests";
			sourceTree = "<group>";
		};
		94B6F4B11BD61FEE00B352B9 /* 微信支付DemoUITests */ = {
			isa = PBXGroup;
			children = (
				94B6F4B21BD61FEE00B352B9 /* ____DemoUITests.m */,
				94B6F4B41BD61FEE00B352B9 /* Info.plist */,
			);
			path = "微信支付DemoUITests";
			sourceTree = "<group>";
		};
		94B6F4C01BD6209F00B352B9 /* WechatPay */ = {
			isa = PBXGroup;
			children = (
				94B6F4C11BD6211E00B352B9 /* lib副本 */,
				94B6F4C81BD6211E00B352B9 /* SDKExport副本 */,
			);
			name = WechatPay;
			sourceTree = "<group>";
		};
		94B6F4C11BD6211E00B352B9 /* lib副本 */ = {
			isa = PBXGroup;
			children = (
				94B6F4C21BD6211E00B352B9 /* ApiXml.h */,
				94B6F4C31BD6211E00B352B9 /* ApiXml.mm */,
				94B6F4C41BD6211E00B352B9 /* payRequsestHandler.h */,
				94B6F4C51BD6211E00B352B9 /* payRequsestHandler.mm */,
				94B6F4C61BD6211E00B352B9 /* WXUtil.h */,
				94B6F4C71BD6211E00B352B9 /* WXUtil.mm */,
			);
			path = "lib副本";
			sourceTree = "<group>";
		};
		94B6F4C81BD6211E00B352B9 /* SDKExport副本 */ = {
			isa = PBXGroup;
			children = (
				94B6F4C91BD6211E00B352B9 /* libWeChatSDK.a */,
				94B6F4CA1BD6211E00B352B9 /* WXApi.h */,
				94B6F4CB1BD6211E00B352B9 /* WXApiObject.h */,
			);
			path = "SDKExport副本";
			sourceTree = "<group>";
		};
/* End PBXGroup section */

/* Begin PBXNativeTarget section */
		94B6F4891BD61FEE00B352B9 /* 微信支付Demo */ = {
			isa = PBXNativeTarget;
			buildConfigurationList = 94B6F4B71BD61FEE00B352B9 /* Build configuration list for PBXNativeTarget "微信支付Demo" */;
			buildPhases = (
				94B6F4861BD61FEE00B352B9 /* Sources */,
				94B6F4871BD61FEE00B352B9 /* Frameworks */,
				94B6F4881BD61FEE00B352B9 /* Resources */,
			);
			buildRules = (
			);
			dependencies = (
			);
			name = "微信支付Demo";
			productName = "微信支付Demo";
			productReference = 94B6F48A1BD61FEE00B352B9 /* 微信支付Demo.app */;
			productType = "com.apple.product-type.application";
		};
		94B6F4A21BD61FEE00B352B9 /* 微信支付DemoTests */ = {
			isa = PBXNativeTarget;
			buildConfigurationList = 94B6F4BA1BD61FEE00B352B9 /* Build configuration list for PBXNativeTarget "微信支付DemoTests" */;
			buildPhases = (
				94B6F49F1BD61FEE00B352B9 /* Sources */,
				94B6F4A01BD61FEE00B352B9 /* Frameworks */,
				94B6F4A11BD61FEE00B352B9 /* Resources */,
			);
			buildRules = (
			);
			dependencies = (
				94B6F4A51BD61FEE00B352B9 /* PBXTargetDependency */,
			);
			name = "微信支付DemoTests";
			productName = "微信支付DemoTests";
			productReference = 94B6F4A31BD61FEE00B352B9 /* 微信支付DemoTests.xctest */;
			productType = "com.apple.product-type.bundle.unit-test";
		};
		94B6F4AD1BD61FEE00B352B9 /* 微信支付DemoUITests */ = {
			isa = PBXNativeTarget;
			buildConfigurationList = 94B6F4BD1BD61FEE00B352B9 /* Build configuration list for PBXNativeTarget "微信支付DemoUITests" */;
			buildPhases = (
				94B6F4AA1BD61FEE00B352B9 /* Sources */,
				94B6F4AB1BD61FEE00B352B9 /* Frameworks */,
				94B6F4AC1BD61FEE00B352B9 /* Resources */,
			);
			buildRules = (
			);
			dependencies = (
				94B6F4B01BD61FEE00B352B9 /* PBXTargetDependency */,
			);
			name = "微信支付DemoUITests";
			productName = "微信支付DemoUITests";
			productReference = 94B6F4AE1BD61FEE00B352B9 /* 微信支付DemoUITests.xctest */;
			productType = "com.apple.product-type.bundle.ui-testing";
		};
/* End PBXNativeTarget section */

/* Begin PBXProject section */
		94B6F4821BD61FED00B352B9 /* Project object */ = {
			isa = PBXProject;
			attributes = {
				LastUpgradeCheck = 0700;
				ORGANIZATIONNAME = sunxianglong;
				TargetAttributes = {
					94B6F4891BD61FEE00B352B9 = {
						CreatedOnToolsVersion = 7.0.1;
						DevelopmentTeam = JV9YT7847Q;
					};
					94B6F4A21BD61FEE00B352B9 = {
						CreatedOnToolsVersion = 7.0.1;
						TestTargetID = 94B6F4891BD61FEE00B352B9;
					};
					94B6F4AD1BD61FEE00B352B9 = {
						CreatedOnToolsVersion = 7.0.1;
						TestTargetID = 94B6F4891BD61FEE00B352B9;
					};
				};
			};
			buildConfigurationList = 94B6F4851BD61FED00B352B9 /* Build configuration list for PBXProject "微信支付Demo" */;
			compatibilityVersion = "Xcode 3.2";
			developmentRegion = English;
			hasScannedForEncodings = 0;
			knownRegions = (
				en,
				Base,
			);
			mainGroup = 94B6F4811BD61FED00B352B9;
			productRefGroup = 94B6F48B1BD61FEE00B352B9 /* Products */;
			projectDirPath = "";
			projectRoot = "";
			targets = (
				94B6F4891BD61FEE00B352B9 /* 微信支付Demo */,
				94B6F4A21BD61FEE00B352B9 /* 微信支付DemoTests */,
				94B6F4AD1BD61FEE00B352B9 /* 微信支付DemoUITests */,
			);
		};
/* End PBXProject section */

/* Begin PBXResourcesBuildPhase section */
		94B6F4881BD61FEE00B352B9 /* Resources */ = {
			isa = PBXResourcesBuildPhase;
			buildActionMask = 2147483647;
			files = (
				94B6F4D91BD6225400B352B9 /* WePayLogo.png in Resources */,
				94B6F49D1BD61FEE00B352B9 /* LaunchScreen.storyboard in Resources */,
				94B6F49A1BD61FEE00B352B9 /* Assets.xcassets in Resources */,
				94B6F4DD1BD6265D00B352B9 /* 微信支付只出现确定.jpg in Resources */,
				94B6F4DB1BD624A600B352B9 /* info设置.png in Resources */,
				94B6F4981BD61FEE00B352B9 /* Main.storyboard in Resources */,
			);
			runOnlyForDeploymentPostprocessing = 0;
		};
		94B6F4A11BD61FEE00B352B9 /* Resources */ = {
			isa = PBXResourcesBuildPhase;
			buildActionMask = 2147483647;
			files = (
			);
			runOnlyForDeploymentPostprocessing = 0;
		};
		94B6F4AC1BD61FEE00B352B9 /* Resources */ = {
			isa = PBXResourcesBuildPhase;
			buildActionMask = 2147483647;
			files = (
			);
			runOnlyForDeploymentPostprocessing = 0;
		};
/* End PBXResourcesBuildPhase section */

/* Begin PBXSourcesBuildPhase section */
		94B6F4861BD61FEE00B352B9 /* Sources */ = {
			isa = PBXSourcesBuildPhase;
			buildActionMask = 2147483647;
			files = (
				94B6F4CE1BD6211E00B352B9 /* WXUtil.mm in Sources */,
				94B6F4CC1BD6211E00B352B9 /* ApiXml.mm in Sources */,
				94B6F4951BD61FEE00B352B9 /* ViewController.m in Sources */,
				94B6F4921BD61FEE00B352B9 /* AppDelegate.m in Sources */,
				94B6F48F1BD61FEE00B352B9 /* main.m in Sources */,
				94B6F4CD1BD6211E00B352B9 /* payRequsestHandler.mm in Sources */,
			);
			runOnlyForDeploymentPostprocessing = 0;
		};
		94B6F49F1BD61FEE00B352B9 /* Sources */ = {
			isa = PBXSourcesBuildPhase;
			buildActionMask = 2147483647;
			files = (
				94B6F4A81BD61FEE00B352B9 /* ____DemoTests.m in Sources */,
			);
			runOnlyForDeploymentPostprocessing = 0;
		};
		94B6F4AA1BD61FEE00B352B9 /* Sources */ = {
			isa = PBXSourcesBuildPhase;
			buildActionMask = 2147483647;
			files = (
				94B6F4B31BD61FEE00B352B9 /* ____DemoUITests.m in Sources */,
			);
			runOnlyForDeploymentPostprocessing = 0;
		};
/* End PBXSourcesBuildPhase section */

/* Begin PBXTargetDependency section */
		94B6F4A51BD61FEE00B352B9 /* PBXTargetDependency */ = {
			isa = PBXTargetDependency;
			target = 94B6F4891BD61FEE00B352B9 /* 微信支付Demo */;
			targetProxy = 94B6F4A41BD61FEE00B352B9 /* PBXContainerItemProxy */;
		};
		94B6F4B01BD61FEE00B352B9 /* PBXTargetDependency */ = {
			isa = PBXTargetDependency;
			target = 94B6F4891BD61FEE00B352B9 /* 微信支付Demo */;
			targetProxy = 94B6F4AF1BD61FEE00B352B9 /* PBXContainerItemProxy */;
		};
/* End PBXTargetDependency section */

/* Begin PBXVariantGroup section */
		94B6F4961BD61FEE00B352B9 /* Main.storyboard */ = {
			isa = PBXVariantGroup;
			children = (
				94B6F4971BD61FEE00B352B9 /* Base */,
			);
			name = Main.storyboard;
			sourceTree = "<group>";
		};
		94B6F49B1BD61FEE00B352B9 /* LaunchScreen.storyboard */ = {
			isa = PBXVariantGroup;
			children = (
				94B6F49C1BD61FEE00B352B9 /* Base */,
			);
			name = LaunchScreen.storyboard;
			sourceTree = "<group>";
		};
/* End PBXVariantGroup section */

/* Begin XCBuildConfiguration section */
		94B6F4B51BD61FEE00B352B9 /* Debug */ = {
			isa = XCBuildConfiguration;
			buildSettings = {
				ALWAYS_SEARCH_USER_PATHS = NO;
				CLANG_CXX_LANGUAGE_STANDARD = "gnu++0x";
				CLANG_CXX_LIBRARY = "libc++";
				CLANG_ENABLE_MODULES = YES;
				CLANG_ENABLE_OBJC_ARC = YES;
				CLANG_WARN_BOOL_CONVERSION = YES;
				CLANG_WARN_CONSTANT_CONVERSION = YES;
				CLANG_WARN_DIRECT_OBJC_ISA_USAGE = YES_ERROR;
				CLANG_WARN_EMPTY_BODY = YES;
				CLANG_WARN_ENUM_CONVERSION = YES;
				CLANG_WARN_INT_CONVERSION = YES;
				CLANG_WARN_OBJC_ROOT_CLASS = YES_ERROR;
				CLANG_WARN_UNREACHABLE_CODE = YES;
				CLANG_WARN__DUPLICATE_METHOD_MATCH = YES;
				"CODE_SIGN_IDENTITY[sdk=iphoneos*]" = "iPhone Developer";
				COPY_PHASE_STRIP = NO;
				DEBUG_INFORMATION_FORMAT = dwarf;
				ENABLE_STRICT_OBJC_MSGSEND = YES;
				ENABLE_TESTABILITY = YES;
				GCC_C_LANGUAGE_STANDARD = gnu99;
				GCC_DYNAMIC_NO_PIC = NO;
				GCC_NO_COMMON_BLOCKS = YES;
				GCC_OPTIMIZATION_LEVEL = 0;
				GCC_PREPROCESSOR_DEFINITIONS = (
					"DEBUG=1",
					"$(inherited)",
				);
				GCC_WARN_64_TO_32_BIT_CONVERSION = YES;
				GCC_WARN_ABOUT_RETURN_TYPE = YES_ERROR;
				GCC_WARN_UNDECLARED_SELECTOR = YES;
				GCC_WARN_UNINITIALIZED_AUTOS = YES_AGGRESSIVE;
				GCC_WARN_UNUSED_FUNCTION = YES;
				GCC_WARN_UNUSED_VARIABLE = YES;
				IPHONEOS_DEPLOYMENT_TARGET = 8.0;
				MTL_ENABLE_DEBUG_INFO = YES;
				ONLY_ACTIVE_ARCH = YES;
				SDKROOT = iphoneos;
				TARGETED_DEVICE_FAMILY = "1,2";
			};
			name = Debug;
		};
		94B6F4B61BD61FEE00B352B9 /* Release */ = {
			isa = XCBuildConfiguration;
			buildSettings = {
				ALWAYS_SEARCH_USER_PATHS = NO;
				CLANG_CXX_LANGUAGE_STANDARD = "gnu++0x";
				CLANG_CXX_LIBRARY = "libc++";
				CLANG_ENABLE_MODULES = YES;
				CLANG_ENABLE_OBJC_ARC = YES;
				CLANG_WARN_BOOL_CONVERSION = YES;
				CLANG_WARN_CONSTANT_CONVERSION = YES;
				CLANG_WARN_DIRECT_OBJC_ISA_USAGE = YES_ERROR;
				CLANG_WARN_EMPTY_BODY = YES;
				CLANG_WARN_ENUM_CONVERSION = YES;
				CLANG_WARN_INT_CONVERSION = YES;
				CLANG_WARN_OBJC_ROOT_CLASS = YES_ERROR;
				CLANG_WARN_UNREACHABLE_CODE = YES;
				CLANG_WARN__DUPLICATE_METHOD_MATCH = YES;
				"CODE_SIGN_IDENTITY[sdk=iphoneos*]" = "iPhone Developer";
				COPY_PHASE_STRIP = NO;
				DEBUG_INFORMATION_FORMAT = "dwarf-with-dsym";
				ENABLE_NS_ASSERTIONS = NO;
				ENABLE_STRICT_OBJC_MSGSEND = YES;
				GCC_C_LANGUAGE_STANDARD = gnu99;
				GCC_NO_COMMON_BLOCKS = YES;
				GCC_WARN_64_TO_32_BIT_CONVERSION = YES;
				GCC_WARN_ABOUT_RETURN_TYPE = YES_ERROR;
				GCC_WARN_UNDECLARED_SELECTOR = YES;
				GCC_WARN_UNINITIALIZED_AUTOS = YES_AGGRESSIVE;
				GCC_WARN_UNUSED_FUNCTION = YES;
				GCC_WARN_UNUSED_VARIABLE = YES;
				IPHONEOS_DEPLOYMENT_TARGET = 8.0;
				MTL_ENABLE_DEBUG_INFO = NO;
				SDKROOT = iphoneos;
				TARGETED_DEVICE_FAMILY = "1,2";
				VALIDATE_PRODUCT = YES;
			};
			name = Release;
		};
		94B6F4B81BD61FEE00B352B9 /* Debug */ = {
			isa = XCBuildConfiguration;
			buildSettings = {
				ASSETCATALOG_COMPILER_APPICON_NAME = AppIcon;
				CODE_SIGN_IDENTITY = "iPhone Developer";
				"CODE_SIGN_IDENTITY[sdk=iphoneos*]" = "iPhone Developer";
				ENABLE_BITCODE = NO;
				INFOPLIST_FILE = "微信支付Demo/Info.plist";
				LD_RUNPATH_SEARCH_PATHS = "$(inherited) @executable_path/Frameworks";
				LIBRARY_SEARCH_PATHS = (
					"$(inherited)",
					"$(PROJECT_DIR)/微信支付Demo/SDKExport副本",
				);
				PRODUCT_BUNDLE_IDENTIFIER = sunxianglong;
				PRODUCT_NAME = "$(TARGET_NAME)";
				PROVISIONING_PROFILE = "";
			};
			name = Debug;
		};
		94B6F4B91BD61FEE00B352B9 /* Release */ = {
			isa = XCBuildConfiguration;
			buildSettings = {
				ASSETCATALOG_COMPILER_APPICON_NAME = AppIcon;
				CODE_SIGN_IDENTITY = "iPhone Developer";
				"CODE_SIGN_IDENTITY[sdk=iphoneos*]" = "iPhone Developer";
				ENABLE_BITCODE = NO;
				INFOPLIST_FILE = "微信支付Demo/Info.plist";
				LD_RUNPATH_SEARCH_PATHS = "$(inherited) @executable_path/Frameworks";
				LIBRARY_SEARCH_PATHS = (
					"$(inherited)",
					"$(PROJECT_DIR)/微信支付Demo/SDKExport副本",
				);
				PRODUCT_BUNDLE_IDENTIFIER = sunxianglong;
				PRODUCT_NAME = "$(TARGET_NAME)";
				PROVISIONING_PROFILE = "";
			};
			name = Release;
		};
		94B6F4BB1BD61FEE00B352B9 /* Debug */ = {
			isa = XCBuildConfiguration;
			buildSettings = {
				BUNDLE_LOADER = "$(TEST_HOST)";
				INFOPLIST_FILE = "微信支付DemoTests/Info.plist";
				LD_RUNPATH_SEARCH_PATHS = "$(inherited) @executable_path/Frameworks @loader_path/Frameworks";
				PRODUCT_BUNDLE_IDENTIFIER = "com.xiaomabao.www.----DemoTests";
				PRODUCT_NAME = "$(TARGET_NAME)";
				TEST_HOST = "$(BUILT_PRODUCTS_DIR)/微信支付Demo.app/微信支付Demo";
			};
			name = Debug;
		};
		94B6F4BC1BD61FEE00B352B9 /* Release */ = {
			isa = XCBuildConfiguration;
			buildSettings = {
				BUNDLE_LOADER = "$(TEST_HOST)";
				INFOPLIST_FILE = "微信支付DemoTests/Info.plist";
				LD_RUNPATH_SEARCH_PATHS = "$(inherited) @executable_path/Frameworks @loader_path/Frameworks";
				PRODUCT_BUNDLE_IDENTIFIER = "com.xiaomabao.www.----DemoTests";
				PRODUCT_NAME = "$(TARGET_NAME)";
				TEST_HOST = "$(BUILT_PRODUCTS_DIR)/微信支付Demo.app/微信支付Demo";
			};
			name = Release;
		};
		94B6F4BE1BD61FEE00B352B9 /* Debug */ = {
			isa = XCBuildConfiguration;
			buildSettings = {
				INFOPLIST_FILE = "微信支付DemoUITests/Info.plist";
				LD_RUNPATH_SEARCH_PATHS = "$(inherited) @executable_path/Frameworks @loader_path/Frameworks";
				PRODUCT_BUNDLE_IDENTIFIER = "com.xiaomabao.www.----DemoUITests";
				PRODUCT_NAME = "$(TARGET_NAME)";
				TEST_TARGET_NAME = "微信支付Demo";
				USES_XCTRUNNER = YES;
			};
			name = Debug;
		};
		94B6F4BF1BD61FEE00B352B9 /* Release */ = {
			isa = XCBuildConfiguration;
			buildSettings = {
				INFOPLIST_FILE = "微信支付DemoUITests/Info.plist";
				LD_RUNPATH_SEARCH_PATHS = "$(inherited) @executable_path/Frameworks @loader_path/Frameworks";
				PRODUCT_BUNDLE_IDENTIFIER = "com.xiaomabao.www.----DemoUITests";
				PRODUCT_NAME = "$(TARGET_NAME)";
				TEST_TARGET_NAME = "微信支付Demo";
				USES_XCTRUNNER = YES;
			};
			name = Release;
		};
/* End XCBuildConfiguration section */

/* Begin XCConfigurationList section */
		94B6F4851BD61FED00B352B9 /* Build configuration list for PBXProject "微信支付Demo" */ = {
			isa = XCConfigurationList;
			buildConfigurations = (
				94B6F4B51BD61FEE00B352B9 /* Debug */,
				94B6F4B61BD61FEE00B352B9 /* Release */,
			);
			defaultConfigurationIsVisible = 0;
			defaultConfigurationName = Release;
		};
		94B6F4B71BD61FEE00B352B9 /* Build configuration list for PBXNativeTarget "微信支付Demo" */ = {
			isa = XCConfigurationList;
			buildConfigurations = (
				94B6F4B81BD61FEE00B352B9 /* Debug */,
				94B6F4B91BD61FEE00B352B9 /* Release */,
			);
			defaultConfigurationIsVisible = 0;
			defaultConfigurationName = Release;
		};
		94B6F4BA1BD61FEE00B352B9 /* Build configuration list for PBXNativeTarget "微信支付DemoTests" */ = {
			isa = XCConfigurationList;
			buildConfigurations = (
				94B6F4BB1BD61FEE00B352B9 /* Debug */,
				94B6F4BC1BD61FEE00B352B9 /* Release */,
			);
			defaultConfigurationIsVisible = 0;
			defaultConfigurationName = Release;
		};
		94B6F4BD1BD61FEE00B352B9 /* Build configuration list for PBXNativeTarget "微信支付DemoUITests" */ = {
			isa = XCConfigurationList;
			buildConfigurations = (
				94B6F4BE1BD61FEE00B352B9 /* Debug */,
				94B6F4BF1BD61FEE00B352B9 /* Release */,
			);
			defaultConfigurationIsVisible = 0;
			defaultConfigurationName = Release;
		};
/* End XCConfigurationList section */
	};
	rootObject = 94B6F4821BD61FED00B352B9 /* Project object */;
}
